// !$*UTF8*$!
{
	archiveVersion = 1;
	classes = {
	};
	objectVersion = 77;
	objects = {

/* Begin PBXContainerItemProxy section */
		1176513B2E28F02C00D2AB77 /* PBXContainerItemProxy */ = {
			isa = PBXContainerItemProxy;
			containerPortal = 117651242E28F02A00D2AB77 /* Project object */;
			proxyType = 1;
			remoteGlobalIDString = 1176512B2E28F02A00D2AB77;
			remoteInfo = MouseQuicker;
		};
		117651452E28F02C00D2AB77 /* PBXContainerItemProxy */ = {
			isa = PBXContainerItemProxy;
			containerPortal = 117651242E28F02A00D2AB77 /* Project object */;
			proxyType = 1;
			remoteGlobalIDString = 1176512B2E28F02A00D2AB77;
			remoteInfo = MouseQuicker;
		};
/* End PBXContainerItemProxy section */

/* Begin PBXFileReference section */
		1176512C2E28F02A00D2AB77 /* MouseQuicker.app */ = {isa = PBXFileReference; explicitFileType = wrapper.application; includeInIndex = 0; path = MouseQuicker.app; sourceTree = BUILT_PRODUCTS_DIR; };
		1176513A2E28F02C00D2AB77 /* MouseQuickerTests.xctest */ = {isa = PBXFileReference; explicitFileType = wrapper.cfbundle; includeInIndex = 0; path = MouseQuickerTests.xctest; sourceTree = BUILT_PRODUCTS_DIR; };
		117651442E28F02C00D2AB77 /* MouseQuickerUITests.xctest */ = {isa = PBXFileReference; explicitFileType = wrapper.cfbundle; includeInIndex = 0; path = MouseQuickerUITests.xctest; sourceTree = BUILT_PRODUCTS_DIR; };
/* End PBXFileReference section */

/* Begin PBXFileSystemSynchronizedRootGroup section */
		1176512E2E28F02A00D2AB77 /* MouseQuicker */ = {
			isa = PBXFileSystemSynchronizedRootGroup;
			path = MouseQuicker;
			sourceTree = "<group>";
		};
		1176513D2E28F02C00D2AB77 /* MouseQuickerTests */ = {
			isa = PBXFileSystemSynchronizedRootGroup;
			path = MouseQuickerTests;
			sourceTree = "<group>";
		};
		117651472E28F02C00D2AB77 /* MouseQuickerUITests */ = {
			isa = PBXFileSystemSynchronizedRootGroup;
			path = MouseQuickerUITests;
			sourceTree = "<group>";
		};
/* End PBXFileSystemSynchronizedRootGroup section */

/* Begin PBXFrameworksBuildPhase section */
		117651292E28F02A00D2AB77 /* Frameworks */ = {
			isa = PBXFrameworksBuildPhase;
			buildActionMask = 2147483647;
			files = (
			);
			runOnlyForDeploymentPostprocessing = 0;
		};
		117651372E28F02C00D2AB77 /* Frameworks */ = {
			isa = PBXFrameworksBuildPhase;
			buildActionMask = 2147483647;
			files = (
			);
			runOnlyForDeploymentPostprocessing = 0;
		};
		117651412E28F02C00D2AB77 /* Frameworks */ = {
			isa = PBXFrameworksBuildPhase;
			buildActionMask = 2147483647;
			files = (
			);
			runOnlyForDeploymentPostprocessing = 0;
		};
/* End PBXFrameworksBuildPhase section */

/* Begin PBXGroup section */
		117651232E28F02A00D2AB77 = {
			isa = PBXGroup;
			children = (
				1176512E2E28F02A00D2AB77 /* MouseQuicker */,
				1176513D2E28F02C00D2AB77 /* MouseQuickerTests */,
				117651472E28F02C00D2AB77 /* MouseQuickerUITests */,
				1176512D2E28F02A00D2AB77 /* Products */,
			);
			sourceTree = "<group>";
		};
		1176512D2E28F02A00D2AB77 /* Products */ = {
			isa = PBXGroup;
			children = (
				1176512C2E28F02A00D2AB77 /* MouseQuicker.app */,
				1176513A2E28F02C00D2AB77 /* MouseQuickerTests.xctest */,
				117651442E28F02C00D2AB77 /* MouseQuickerUITests.xctest */,
			);
			name = Products;
			sourceTree = "<group>";
		};
/* End PBXGroup section */

/* Begin PBXNativeTarget section */
		1176512B2E28F02A00D2AB77 /* MouseQuicker */ = {
			isa = PBXNativeTarget;
			buildConfigurationList = 1176514E2E28F02C00D2AB77 /* Build configuration list for PBXNativeTarget "MouseQuicker" */;
			buildPhases = (
				117651282E28F02A00D2AB77 /* Sources */,
				117651292E28F02A00D2AB77 /* Frameworks */,
				1176512A2E28F02A00D2AB77 /* Resources */,
			);
			buildRules = (
			);
			dependencies = (
			);
			fileSystemSynchronizedGroups = (
				1176512E2E28F02A00D2AB77 /* MouseQuicker */,
			);
			name = MouseQuicker;
			packageProductDependencies = (
			);
			productName = MouseQuicker;
			productReference = 1176512C2E28F02A00D2AB77 /* MouseQuicker.app */;
			productType = "com.apple.product-type.application";
		};
		117651392E28F02C00D2AB77 /* MouseQuickerTests */ = {
			isa = PBXNativeTarget;
			buildConfigurationList = 117651512E28F02C00D2AB77 /* Build configuration list for PBXNativeTarget "MouseQuickerTests" */;
			buildPhases = (
				117651362E28F02C00D2AB77 /* Sources */,
				117651372E28F02C00D2AB77 /* Frameworks */,
				117651382E28F02C00D2AB77 /* Resources */,
			);
			buildRules = (
			);
			dependencies = (
				1176513C2E28F02C00D2AB77 /* PBXTargetDependency */,
			);
			fileSystemSynchronizedGroups = (
				1176513D2E28F02C00D2AB77 /* MouseQuickerTests */,
			);
			name = MouseQuickerTests;
			packageProductDependencies = (
			);
			productName = MouseQuickerTests;
			productReference = 1176513A2E28F02C00D2AB77 /* MouseQuickerTests.xctest */;
			productType = "com.apple.product-type.bundle.unit-test";
		};
		117651432E28F02C00D2AB77 /* MouseQuickerUITests */ = {
			isa = PBXNativeTarget;
			buildConfigurationList = 117651542E28F02C00D2AB77 /* Build configuration list for PBXNativeTarget "MouseQuickerUITests" */;
			buildPhases = (
				117651402E28F02C00D2AB77 /* Sources */,
				117651412E28F02C00D2AB77 /* Frameworks */,
				117651422E28F02C00D2AB77 /* Resources */,
			);
			buildRules = (
			);
			dependencies = (
				117651462E28F02C00D2AB77 /* PBXTargetDependency */,
			);
			fileSystemSynchronizedGroups = (
				117651472E28F02C00D2AB77 /* MouseQuickerUITests */,
			);
			name = MouseQuickerUITests;
			packageProductDependencies = (
			);
			productName = MouseQuickerUITests;
			productReference = 117651442E28F02C00D2AB77 /* MouseQuickerUITests.xctest */;
			productType = "com.apple.product-type.bundle.ui-testing";
		};
/* End PBXNativeTarget section */

/* Begin PBXProject section */
		117651242E28F02A00D2AB77 /* Project object */ = {
			isa = PBXProject;
			attributes = {
				BuildIndependentTargetsInParallel = 1;
				LastSwiftUpdateCheck = 1640;
				LastUpgradeCheck = 1640;
				TargetAttributes = {
					1176512B2E28F02A00D2AB77 = {
						CreatedOnToolsVersion = 16.4;
					};
					117651392E28F02C00D2AB77 = {
						CreatedOnToolsVersion = 16.4;
						TestTargetID = 1176512B2E28F02A00D2AB77;
					};
					117651432E28F02C00D2AB77 = {
						CreatedOnToolsVersion = 16.4;
						TestTargetID = 1176512B2E28F02A00D2AB77;
					};
				};
			};
			buildConfigurationList = 117651272E28F02A00D2AB77 /* Build configuration list for PBXProject "MouseQuicker" */;
			developmentRegion = en;
			hasScannedForEncodings = 0;
			knownRegions = (
				en,
				Base,
			);
			mainGroup = 117651232E28F02A00D2AB77;
			minimizedProjectReferenceProxies = 1;
			preferredProjectObjectVersion = 77;
			productRefGroup = 1176512D2E28F02A00D2AB77 /* Products */;
			projectDirPath = "";
			projectRoot = "";
			targets = (
				1176512B2E28F02A00D2AB77 /* MouseQuicker */,
				117651392E28F02C00D2AB77 /* MouseQuickerTests */,
				117651432E28F02C00D2AB77 /* MouseQuickerUITests */,
			);
		};
/* End PBXProject section */

/* Begin PBXResourcesBuildPhase section */
		1176512A2E28F02A00D2AB77 /* Resources */ = {
			isa = PBXResourcesBuildPhase;
			buildActionMask = 2147483647;
			files = (
			);
			runOnlyForDeploymentPostprocessing = 0;
		};
		117651382E28F02C00D2AB77 /* Resources */ = {
			isa = PBXResourcesBuildPhase;
			buildActionMask = 2147483647;
			files = (
			);
			runOnlyForDeploymentPostprocessing = 0;
		};
		117651422E28F02C00D2AB77 /* Resources */ = {
			isa = PBXResourcesBuildPhase;
			buildActionMask = 2147483647;
			files = (
			);
			runOnlyForDeploymentPostprocessing = 0;
		};
/* End PBXResourcesBuildPhase section */

/* Begin PBXSourcesBuildPhase section */
		117651282E28F02A00D2AB77 /* Sources */ = {
			isa = PBXSourcesBuildPhase;
			buildActionMask = 2147483647;
			files = (
			);
			runOnlyForDeploymentPostprocessing = 0;
		};
		117651362E28F02C00D2AB77 /* Sources */ = {
			isa = PBXSourcesBuildPhase;
			buildActionMask = 2147483647;
			files = (
			);
			runOnlyForDeploymentPostprocessing = 0;
		};
		117651402E28F02C00D2AB77 /* Sources */ = {
			isa = PBXSourcesBuildPhase;
			buildActionMask = 2147483647;
			files = (
			);
			runOnlyForDeploymentPostprocessing = 0;
		};
/* End PBXSourcesBuildPhase section */

/* Begin PBXTargetDependency section */
		1176513C2E28F02C00D2AB77 /* PBXTargetDependency */ = {
			isa = PBXTargetDependency;
			target = 1176512B2E28F02A00D2AB77 /* MouseQuicker */;
			targetProxy = 1176513B2E28F02C00D2AB77 /* PBXContainerItemProxy */;
		};
		117651462E28F02C00D2AB77 /* PBXTargetDependency */ = {
			isa = PBXTargetDependency;
			target = 1176512B2E28F02A00D2AB77 /* MouseQuicker */;
			targetProxy = 117651452E28F02C00D2AB77 /* PBXContainerItemProxy */;
		};
/* End PBXTargetDependency section */

/* Begin XCBuildConfiguration section */
		1176514C2E28F02C00D2AB77 /* Debug */ = {
			isa = XCBuildConfiguration;
			buildSettings = {
				ALWAYS_SEARCH_USER_PATHS = NO;
				ASSETCATALOG_COMPILER_GENERATE_SWIFT_ASSET_SYMBOL_EXTENSIONS = YES;
				CLANG_ANALYZER_NONNULL = YES;
				CLANG_ANALYZER_NUMBER_OBJECT_CONVERSION = YES_AGGRESSIVE;
				CLANG_CXX_LANGUAGE_STANDARD = "gnu++20";
				CLANG_ENABLE_MODULES = YES;
				CLANG_ENABLE_OBJC_ARC = YES;
				CLANG_ENABLE_OBJC_WEAK = YES;
				CLANG_WARN_BLOCK_CAPTURE_AUTORELEASING = YES;
				CLANG_WARN_BOOL_CONVERSION = YES;
				CLANG_WARN_COMMA = YES;
				CLANG_WARN_CONSTANT_CONVERSION = YES;
				CLANG_WARN_DEPRECATED_OBJC_IMPLEMENTATIONS = YES;
				CLANG_WARN_DIRECT_OBJC_ISA_USAGE = YES_ERROR;
				CLANG_WARN_DOCUMENTATION_COMMENTS = YES;
				CLANG_WARN_EMPTY_BODY = YES;
				CLANG_WARN_ENUM_CONVERSION = YES;
				CLANG_WARN_INFINITE_RECURSION = YES;
				CLANG_WARN_INT_CONVERSION = YES;
				CLANG_WARN_NON_LITERAL_NULL_CONVERSION = YES;
				CLANG_WARN_OBJC_IMPLICIT_RETAIN_SELF = YES;
				CLANG_WARN_OBJC_LITERAL_CONVERSION = YES;
				CLANG_WARN_OBJC_ROOT_CLASS = YES_ERROR;
				CLANG_WARN_QUOTED_INCLUDE_IN_FRAMEWORK_HEADER = YES;
				CLANG_WARN_RANGE_LOOP_ANALYSIS = YES;
				CLANG_WARN_STRICT_PROTOTYPES = YES;
				CLANG_WARN_SUSPICIOUS_MOVE = YES;
				CLANG_WARN_UNGUARDED_AVAILABILITY = YES_AGGRESSIVE;
				CLANG_WARN_UNREACHABLE_CODE = YES;
				CLANG_WARN__DUPLICATE_METHOD_MATCH = YES;
				COPY_PHASE_STRIP = NO;
				DEBUG_INFORMATION_FORMAT = dwarf;
				DEVELOPMENT_TEAM = 679LCK635N;
				ENABLE_STRICT_OBJC_MSGSEND = YES;
				ENABLE_TESTABILITY = YES;
				ENABLE_USER_SCRIPT_SANDBOXING = YES;
				GCC_C_LANGUAGE_STANDARD = gnu17;
				GCC_DYNAMIC_NO_PIC = NO;
				GCC_NO_COMMON_BLOCKS = YES;
				GCC_OPTIMIZATION_LEVEL = 0;
				GCC_PREPROCESSOR_DEFINITIONS = (
					"DEBUG=1",
					"$(inherited)",
				);
				GCC_WARN_64_TO_32_BIT_CONVERSION = YES;
				GCC_WARN_ABOUT_RETURN_TYPE = YES_ERROR;
				GCC_WARN_UNDECLARED_SELECTOR = YES;
				GCC_WARN_UNINITIALIZED_AUTOS = YES_AGGRESSIVE;
				GCC_WARN_UNUSED_FUNCTION = YES;
				GCC_WARN_UNUSED_VARIABLE = YES;
				LOCALIZATION_PREFERS_STRING_CATALOGS = YES;
				MACOSX_DEPLOYMENT_TARGET = 15.0;
				MTL_ENABLE_DEBUG_INFO = INCLUDE_SOURCE;
				MTL_FAST_MATH = YES;
				ONLY_ACTIVE_ARCH = YES;
				SDKROOT = macosx;
				SWIFT_ACTIVE_COMPILATION_CONDITIONS = "DEBUG $(inherited)";
				SWIFT_OPTIMIZATION_LEVEL = "-Onone";
			};
			name = Debug;
		};
		1176514D2E28F02C00D2AB77 /* Release */ = {
			isa = XCBuildConfiguration;
			buildSettings = {
				ALWAYS_SEARCH_USER_PATHS = NO;
				ASSETCATALOG_COMPILER_GENERATE_SWIFT_ASSET_SYMBOL_EXTENSIONS = YES;
				CLANG_ANALYZER_NONNULL = YES;
				CLANG_ANALYZER_NUMBER_OBJECT_CONVERSION = YES_AGGRESSIVE;
				CLANG_CXX_LANGUAGE_STANDARD = "gnu++20";
				CLANG_ENABLE_MODULES = YES;
				CLANG_ENABLE_OBJC_ARC = YES;
				CLANG_ENABLE_OBJC_WEAK = YES;
				CLANG_WARN_BLOCK_CAPTURE_AUTORELEASING = YES;
				CLANG_WARN_BOOL_CONVERSION = YES;
				CLANG_WARN_COMMA = YES;
				CLANG_WARN_CONSTANT_CONVERSION = YES;
				CLANG_WARN_DEPRECATED_OBJC_IMPLEMENTATIONS = YES;
				CLANG_WARN_DIRECT_OBJC_ISA_USAGE = YES_ERROR;
				CLANG_WARN_DOCUMENTATION_COMMENTS = YES;
				CLANG_WARN_EMPTY_BODY = YES;
				CLANG_WARN_ENUM_CONVERSION = YES;
				CLANG_WARN_INFINITE_RECURSION = YES;
				CLANG_WARN_INT_CONVERSION = YES;
				CLANG_WARN_NON_LITERAL_NULL_CONVERSION = YES;
				CLANG_WARN_OBJC_IMPLICIT_RETAIN_SELF = YES;
				CLANG_WARN_OBJC_LITERAL_CONVERSION = YES;
				CLANG_WARN_OBJC_ROOT_CLASS = YES_ERROR;
				CLANG_WARN_QUOTED_INCLUDE_IN_FRAMEWORK_HEADER = YES;
				CLANG_WARN_RANGE_LOOP_ANALYSIS = YES;
				CLANG_WARN_STRICT_PROTOTYPES = YES;
				CLANG_WARN_SUSPICIOUS_MOVE = YES;
				CLANG_WARN_UNGUARDED_AVAILABILITY = YES_AGGRESSIVE;
				CLANG_WARN_UNREACHABLE_CODE = YES;
				CLANG_WARN__DUPLICATE_METHOD_MATCH = YES;
				COPY_PHASE_STRIP = NO;
				DEBUG_INFORMATION_FORMAT = "dwarf-with-dsym";
				DEVELOPMENT_TEAM = 679LCK635N;
				ENABLE_NS_ASSERTIONS = NO;
				ENABLE_STRICT_OBJC_MSGSEND = YES;
				ENABLE_USER_SCRIPT_SANDBOXING = YES;
				GCC_C_LANGUAGE_STANDARD = gnu17;
				GCC_NO_COMMON_BLOCKS = YES;
				GCC_WARN_64_TO_32_BIT_CONVERSION = YES;
				GCC_WARN_ABOUT_RETURN_TYPE = YES_ERROR;
				GCC_WARN_UNDECLARED_SELECTOR = YES;
				GCC_WARN_UNINITIALIZED_AUTOS = YES_AGGRESSIVE;
				GCC_WARN_UNUSED_FUNCTION = YES;
				GCC_WARN_UNUSED_VARIABLE = YES;
				LOCALIZATION_PREFERS_STRING_CATALOGS = YES;
				MACOSX_DEPLOYMENT_TARGET = 15.0;
				MTL_ENABLE_DEBUG_INFO = NO;
				MTL_FAST_MATH = YES;
				SDKROOT = macosx;
				SWIFT_COMPILATION_MODE = wholemodule;
			};
			name = Release;
		};
		1176514F2E28F02C00D2AB77 /* Debug */ = {
			isa = XCBuildConfiguration;
			buildSettings = {
				ASSETCATALOG_COMPILER_APPICON_NAME = AppIcon;
				ASSETCATALOG_COMPILER_GLOBAL_ACCENT_COLOR_NAME = AccentColor;
				CODE_SIGN_ENTITLEMENTS = MouseQuicker/MouseQuicker.entitlements;
				CODE_SIGN_STYLE = Automatic;
				COMBINE_HIDPI_IMAGES = YES;
				CURRENT_PROJECT_VERSION = 1;
				DEVELOPMENT_TEAM = 679LCK635N;
				ENABLE_HARDENED_RUNTIME = YES;
				ENABLE_PREVIEWS = YES;
				GENERATE_INFOPLIST_FILE = YES;
				INFOPLIST_KEY_NSHumanReadableCopyright = syferie;
				LD_RUNPATH_SEARCH_PATHS = (
					"$(inherited)",
					"@executable_path/../Frameworks",
				);
				MARKETING_VERSION = 1.0;
				PRODUCT_BUNDLE_IDENTIFIER = com.syferie.mousequicker.MouseQuicker;
				PRODUCT_NAME = "$(TARGET_NAME)";
				REGISTER_APP_GROUPS = YES;
				SWIFT_EMIT_LOC_STRINGS = YES;
				SWIFT_VERSION = 5.0;
			};
			name = Debug;
		};
		117651502E28F02C00D2AB77 /* Release */ = {
			isa = XCBuildConfiguration;
			buildSettings = {
				ASSETCATALOG_COMPILER_APPICON_NAME = AppIcon;
				ASSETCATALOG_COMPILER_GLOBAL_ACCENT_COLOR_NAME = AccentColor;
				CODE_SIGN_ENTITLEMENTS = MouseQuicker/MouseQuicker.entitlements;
				CODE_SIGN_STYLE = Automatic;
				COMBINE_HIDPI_IMAGES = YES;
				CURRENT_PROJECT_VERSION = 1;
				DEVELOPMENT_TEAM = 679LCK635N;
				ENABLE_HARDENED_RUNTIME = YES;
				ENABLE_PREVIEWS = YES;
				GENERATE_INFOPLIST_FILE = YES;
				INFOPLIST_KEY_NSHumanReadableCopyright = syferie;
				LD_RUNPATH_SEARCH_PATHS = (
					"$(inherited)",
					"@executable_path/../Frameworks",
				);
				MARKETING_VERSION = 1.0;
				PRODUCT_BUNDLE_IDENTIFIER = com.syferie.mousequicker.MouseQuicker;
				PRODUCT_NAME = "$(TARGET_NAME)";
				REGISTER_APP_GROUPS = YES;
				SWIFT_EMIT_LOC_STRINGS = YES;
				SWIFT_VERSION = 5.0;
			};
			name = Release;
		};
		117651522E28F02C00D2AB77 /* Debug */ = {
			isa = XCBuildConfiguration;
			buildSettings = {
				BUNDLE_LOADER = "$(TEST_HOST)";
				CODE_SIGN_STYLE = Automatic;
				CURRENT_PROJECT_VERSION = 1;
				DEVELOPMENT_TEAM = 679LCK635N;
				GENERATE_INFOPLIST_FILE = YES;
				MACOSX_DEPLOYMENT_TARGET = 15.0;
				MARKETING_VERSION = 1.0;
				PRODUCT_BUNDLE_IDENTIFIER = com.syferie.mousequicker.MouseQuickerTests;
				PRODUCT_NAME = "$(TARGET_NAME)";
				SWIFT_EMIT_LOC_STRINGS = NO;
				SWIFT_VERSION = 5.0;
				TEST_HOST = "$(BUILT_PRODUCTS_DIR)/MouseQuicker.app/$(BUNDLE_EXECUTABLE_FOLDER_PATH)/MouseQuicker";
			};
			name = Debug;
		};
		117651532E28F02C00D2AB77 /* Release */ = {
			isa = XCBuildConfiguration;
			buildSettings = {
				BUNDLE_LOADER = "$(TEST_HOST)";
				CODE_SIGN_STYLE = Automatic;
				CURRENT_PROJECT_VERSION = 1;
				DEVELOPMENT_TEAM = 679LCK635N;
				GENERATE_INFOPLIST_FILE = YES;
				MACOSX_DEPLOYMENT_TARGET = 15.0;
				MARKETING_VERSION = 1.0;
				PRODUCT_BUNDLE_IDENTIFIER = com.syferie.mousequicker.MouseQuickerTests;
				PRODUCT_NAME = "$(TARGET_NAME)";
				SWIFT_EMIT_LOC_STRINGS = NO;
				SWIFT_VERSION = 5.0;
				TEST_HOST = "$(BUILT_PRODUCTS_DIR)/MouseQuicker.app/$(BUNDLE_EXECUTABLE_FOLDER_PATH)/MouseQuicker";
			};
			name = Release;
		};
		117651552E28F02C00D2AB77 /* Debug */ = {
			isa = XCBuildConfiguration;
			buildSettings = {
				CODE_SIGN_STYLE = Automatic;
				CURRENT_PROJECT_VERSION = 1;
				DEVELOPMENT_TEAM = 679LCK635N;
				GENERATE_INFOPLIST_FILE = YES;
				MARKETING_VERSION = 1.0;
				PRODUCT_BUNDLE_IDENTIFIER = com.syferie.mousequicker.MouseQuickerUITests;
				PRODUCT_NAME = "$(TARGET_NAME)";
				SWIFT_EMIT_LOC_STRINGS = NO;
				SWIFT_VERSION = 5.0;
				TEST_TARGET_NAME = MouseQuicker;
			};
			name = Debug;
		};
		117651562E28F02C00D2AB77 /* Release */ = {
			isa = XCBuildConfiguration;
			buildSettings = {
				CODE_SIGN_STYLE = Automatic;
				CURRENT_PROJECT_VERSION = 1;
				DEVELOPMENT_TEAM = 679LCK635N;
				GENERATE_INFOPLIST_FILE = YES;
				MARKETING_VERSION = 1.0;
				PRODUCT_BUNDLE_IDENTIFIER = com.syferie.mousequicker.MouseQuickerUITests;
				PRODUCT_NAME = "$(TARGET_NAME)";
				SWIFT_EMIT_LOC_STRINGS = NO;
				SWIFT_VERSION = 5.0;
				TEST_TARGET_NAME = MouseQuicker;
			};
			name = Release;
		};
/* End XCBuildConfiguration section */

/* Begin XCConfigurationList section */
		117651272E28F02A00D2AB77 /* Build configuration list for PBXProject "MouseQuicker" */ = {
			isa = XCConfigurationList;
			buildConfigurations = (
				1176514C2E28F02C00D2AB77 /* Debug */,
				1176514D2E28F02C00D2AB77 /* Release */,
			);
			defaultConfigurationIsVisible = 0;
			defaultConfigurationName = Release;
		};
		1176514E2E28F02C00D2AB77 /* Build configuration list for PBXNativeTarget "MouseQuicker" */ = {
			isa = XCConfigurationList;
			buildConfigurations = (
				1176514F2E28F02C00D2AB77 /* Debug */,
				117651502E28F02C00D2AB77 /* Release */,
			);
			defaultConfigurationIsVisible = 0;
			defaultConfigurationName = Release;
		};
		117651512E28F02C00D2AB77 /* Build configuration list for PBXNativeTarget "MouseQuickerTests" */ = {
			isa = XCConfigurationList;
			buildConfigurations = (
				117651522E28F02C00D2AB77 /* Debug */,
				117651532E28F02C00D2AB77 /* Release */,
			);
			defaultConfigurationIsVisible = 0;
			defaultConfigurationName = Release;
		};
		117651542E28F02C00D2AB77 /* Build configuration list for PBXNativeTarget "MouseQuickerUITests" */ = {
			isa = XCConfigurationList;
			buildConfigurations = (
				117651552E28F02C00D2AB77 /* Debug */,
				117651562E28F02C00D2AB77 /* Release */,
			);
			defaultConfigurationIsVisible = 0;
			defaultConfigurationName = Release;
		};
/* End XCConfigurationList section */
	};
	rootObject = 117651242E28F02A00D2AB77 /* Project object */;
}
